
Microsoft Visual Studio Solution File, Format Version 12.00
# Visual Studio 2013
VisualStudioVersion = 12.0.31101.0
MinimumVisualStudioVersion = 10.0.40219.1
Project("{FAE04EC0-301F-11D3-BF4B-00C04F79EFBC}") = "HinttechPractice", "HinttechPractice\HinttechPractice.csproj", "{6BF7E407-C821-4880-AAC6-FC4A5E5A1E2E}"
EndProject
Project("{FAE04EC0-301F-11D3-BF4B-00C04F79EFBC}") = "HinttechPractice.Data", "HinttechPractice.Data\HinttechPractice.Data.csproj", "{1D077307-3F78-402D-8143-0C1A876B8D24}"
EndProject
Project("{FAE04EC0-301F-11D3-BF4B-00C04F79EFBC}") = "HinttechPractice.Service", "HinttechPractice.Service\HinttechPractice.Service.csproj", "{449E9B39-BB9D-4BCC-A0F3-6E1B9716AFC5}"
EndProject
Global
	GlobalSection(SolutionConfigurationPlatforms) = preSolution
		Debug|Any CPU = Debug|Any CPU
		Release|Any CPU = Release|Any CPU
	EndGlobalSection
	GlobalSection(ProjectConfigurationPlatforms) = postSolution
		{6BF7E407-C821-4880-AAC6-FC4A5E5A1E2E}.Debug|Any CPU.ActiveCfg = Debug|Any CPU
		{6BF7E407-C821-4880-AAC6-FC4A5E5A1E2E}.Debug|Any CPU.Build.0 = Debug|Any CPU
		{6BF7E407-C821-4880-AAC6-FC4A5E5A1E2E}.Release|Any CPU.ActiveCfg = Release|Any CPU
		{6BF7E407-C821-4880-AAC6-FC4A5E5A1E2E}.Release|Any CPU.Build.0 = Release|Any CPU
		{1D077307-3F78-402D-8143-0C1A876B8D24}.Debug|Any CPU.ActiveCfg = Debug|Any CPU
		{1D077307-3F78-402D-8143-0C1A876B8D24}.Debug|Any CPU.Build.0 = Debug|Any CPU
		{1D077307-3F78-402D-8143-0C1A876B8D24}.Release|Any CPU.ActiveCfg = Release|Any CPU
		{1D077307-3F78-402D-8143-0C1A876B8D24}.Release|Any CPU.Build.0 = Release|Any CPU
		{449E9B39-BB9D-4BCC-A0F3-6E1B9716AFC5}.Debug|Any CPU.ActiveCfg = Debug|Any CPU
		{449E9B39-BB9D-4BCC-A0F3-6E1B9716AFC5}.Debug|Any CPU.Build.0 = Debug|Any CPU
		{449E9B39-BB9D-4BCC-A0F3-6E1B9716AFC5}.Release|Any CPU.ActiveCfg = Release|Any CPU
		{449E9B39-BB9D-4BCC-A0F3-6E1B9716AFC5}.Release|Any CPU.Build.0 = Release|Any CPU
	EndGlobalSection
	GlobalSection(SolutionProperties) = preSolution
		HideSolutionNode = FALSE
	EndGlobalSection
EndGlobal
